
Microsoft Visual Studio Solution File, Format Version 12.00
# Visual Studio 15
VisualStudioVersion = 15.0.28307.1622
MinimumVisualStudioVersion = 10.0.40219.1
Project("{FAE04EC0-301F-11D3-BF4B-00C04F79EFBC}") = "Exercicio_15", "Exercicio_15\Exercicio_15.csproj", "{D89AB329-E331-4FDD-930B-15D7970280FA}"
EndProject
Global
	GlobalSection(SolutionConfigurationPlatforms) = preSolution
		Debug|Any CPU = Debug|Any CPU
		Release|Any CPU = Release|Any CPU
	EndGlobalSection
	GlobalSection(ProjectConfigurationPlatforms) = postSolution
		{D89AB329-E331-4FDD-930B-15D7970280FA}.Debug|Any CPU.ActiveCfg = Debug|Any CPU
		{D89AB329-E331-4FDD-930B-15D7970280FA}.Debug|Any CPU.Build.0 = Debug|Any CPU
		{D89AB329-E331-4FDD-930B-15D7970280FA}.Release|Any CPU.ActiveCfg = Release|Any CPU
		{D89AB329-E331-4FDD-930B-15D7970280FA}.Release|Any CPU.Build.0 = Release|Any CPU
	EndGlobalSection
	GlobalSection(SolutionProperties) = preSolution
		HideSolutionNode = FALSE
	EndGlobalSection
	GlobalSection(ExtensibilityGlobals) = postSolution
		SolutionGuid = {E15467A9-774E-44D3-AB56-3CA93A58AD92}
	EndGlobalSection
EndGlobal
