
Microsoft Visual Studio Solution File, Format Version 12.00
# Visual Studio Version 16
VisualStudioVersion = 16.0.31729.503
MinimumVisualStudioVersion = 10.0.40219.1
Project("{FAE04EC0-301F-11D3-BF4B-00C04F79EFBC}") = "AplWFAantecessor", "AplWFAantecessor\AplWFAantecessor.csproj", "{FC83AEBE-3EE1-4802-B025-BE145DAEF24D}"
EndProject
Global
	GlobalSection(SolutionConfigurationPlatforms) = preSolution
		Debug|Any CPU = Debug|Any CPU
		Release|Any CPU = Release|Any CPU
	EndGlobalSection
	GlobalSection(ProjectConfigurationPlatforms) = postSolution
		{FC83AEBE-3EE1-4802-B025-BE145DAEF24D}.Debug|Any CPU.ActiveCfg = Debug|Any CPU
		{FC83AEBE-3EE1-4802-B025-BE145DAEF24D}.Debug|Any CPU.Build.0 = Debug|Any CPU
		{FC83AEBE-3EE1-4802-B025-BE145DAEF24D}.Release|Any CPU.ActiveCfg = Release|Any CPU
		{FC83AEBE-3EE1-4802-B025-BE145DAEF24D}.Release|Any CPU.Build.0 = Release|Any CPU
	EndGlobalSection
	GlobalSection(SolutionProperties) = preSolution
		HideSolutionNode = FALSE
	EndGlobalSection
	GlobalSection(ExtensibilityGlobals) = postSolution
		SolutionGuid = {2431562E-C551-40AB-8F75-578665EF9B9A}
	EndGlobalSection
EndGlobal
