
Microsoft Visual Studio Solution File, Format Version 12.00
# Visual Studio Version 16
VisualStudioVersion = 16.0.31729.503
MinimumVisualStudioVersion = 10.0.40219.1
Project("{FAE04EC0-301F-11D3-BF4B-00C04F79EFBC}") = "frmSplash", "frmSplash\frmSplash.csproj", "{914E388A-2D9F-4451-9F63-1CABAD8B7349}"
EndProject
Global
	GlobalSection(SolutionConfigurationPlatforms) = preSolution
		Debug|Any CPU = Debug|Any CPU
		Release|Any CPU = Release|Any CPU
	EndGlobalSection
	GlobalSection(ProjectConfigurationPlatforms) = postSolution
		{914E388A-2D9F-4451-9F63-1CABAD8B7349}.Debug|Any CPU.ActiveCfg = Debug|Any CPU
		{914E388A-2D9F-4451-9F63-1CABAD8B7349}.Debug|Any CPU.Build.0 = Debug|Any CPU
		{914E388A-2D9F-4451-9F63-1CABAD8B7349}.Release|Any CPU.ActiveCfg = Release|Any CPU
		{914E388A-2D9F-4451-9F63-1CABAD8B7349}.Release|Any CPU.Build.0 = Release|Any CPU
	EndGlobalSection
	GlobalSection(SolutionProperties) = preSolution
		HideSolutionNode = FALSE
	EndGlobalSection
	GlobalSection(ExtensibilityGlobals) = postSolution
		SolutionGuid = {4179BA66-4B57-47DC-A106-02EA9F3F4CB3}
	EndGlobalSection
EndGlobal
